
Microsoft Visual Studio Solution File, Format Version 12.00
# Visual Studio Version 17
VisualStudioVersion = 17.2.32602.215
MinimumVisualStudioVersion = 10.0.40219.1
Project("{2150E333-8FDC-42A3-9474-1A3956D46DE8}") = "Gateways", "Gateways", "{B638988D-F36E-4283-B96B-50BBB39888EA}"
EndProject
Project("{2150E333-8FDC-42A3-9474-1A3956D46DE8}") = "Services", "Services", "{503E99FF-51EB-4A2E-A8D5-4B70CDC90FD4}"
EndProject
Project("{9A19103F-16F7-4668-BE54-9A1E7A4F7556}") = "AddressBook.Gateway", "AddressBook.Gateway\AddressBook.Gateway.csproj", "{E06D06B3-BD06-4D57-B3F7-F6D4AA9D6001}"
EndProject
Project("{2150E333-8FDC-42A3-9474-1A3956D46DE8}") = "Contacts", "Contacts", "{6E2082BE-586B-4EC8-8776-B5F35189C6C4}"
EndProject
Project("{9A19103F-16F7-4668-BE54-9A1E7A4F7556}") = "AddressBook.Contacts", "AddressBook.Contacts\AddressBook.Contacts.csproj", "{A35B9349-C8B6-4B86-A061-AD4EBB22F0F0}"
EndProject
Project("{9A19103F-16F7-4668-BE54-9A1E7A4F7556}") = "AddressBook.Contacts.Domain", "AddressBook.Contacts.Domain\AddressBook.Contacts.Domain.csproj", "{C309672C-CFDE-4E81-8A4D-5E070F2643DD}"
EndProject
Project("{9A19103F-16F7-4668-BE54-9A1E7A4F7556}") = "AddressBook.Contacts.Application", "AddressBook.Contacts.Application\AddressBook.Contacts.Application.csproj", "{1A7CB986-2C11-4F1D-92B4-9411713D4F8B}"
EndProject
Project("{9A19103F-16F7-4668-BE54-9A1E7A4F7556}") = "AddressBook.Contacts.Infrastructure", "AddressBook.Contacts.Infrastructure\AddressBook.Contacts.Infrastructure.csproj", "{B25F3CBA-E1D3-4F6C-B93F-A040294DA5F4}"
EndProject
Project("{9A19103F-16F7-4668-BE54-9A1E7A4F7556}") = "AddressBook.Contacts.DomainCore", "AddressBook.Contacts.DomainCore\AddressBook.Contacts.DomainCore.csproj", "{39B08075-67ED-4F90-95DB-1B82CCF1673F}"
EndProject
Project("{2150E333-8FDC-42A3-9474-1A3956D46DE8}") = "Shared", "Shared", "{7794CE55-3530-45C4-A6AF-3250D8CBAF25}"
EndProject
Project("{9A19103F-16F7-4668-BE54-9A1E7A4F7556}") = "AddressBook.Shared", "AddressBook.Shared\AddressBook.Shared.csproj", "{3FA3F318-5F66-4B35-A11B-5872DD284A5F}"
EndProject
Project("{2150E333-8FDC-42A3-9474-1A3956D46DE8}") = "Person", "Person", "{867025CB-77AA-44CA-BA81-5EF58A856693}"
EndProject
Project("{FAE04EC0-301F-11D3-BF4B-00C04F79EFBC}") = "AddressBook.Person", "AddressBook.Person\AddressBook.Person.csproj", "{C0FF80D4-DEFD-4433-A0C4-50A096F19F03}"
EndProject
Project("{FAE04EC0-301F-11D3-BF4B-00C04F79EFBC}") = "AddressBook.Person.Service", "AddressBook.Person.Service\AddressBook.Person.Service.csproj", "{ADFB97CB-933B-43CC-B6BF-C6D3990D6989}"
EndProject
Project("{FAE04EC0-301F-11D3-BF4B-00C04F79EFBC}") = "AddressBook.Person.Data", "AddressBook.Person.Data\AddressBook.Person.Data.csproj", "{33991E3E-E9F8-4F88-BC59-7C6D9781CD16}"
EndProject
Global
	GlobalSection(SolutionConfigurationPlatforms) = preSolution
		Debug|Any CPU = Debug|Any CPU
		Release|Any CPU = Release|Any CPU
	EndGlobalSection
	GlobalSection(ProjectConfigurationPlatforms) = postSolution
		{E06D06B3-BD06-4D57-B3F7-F6D4AA9D6001}.Debug|Any CPU.ActiveCfg = Debug|Any CPU
		{E06D06B3-BD06-4D57-B3F7-F6D4AA9D6001}.Debug|Any CPU.Build.0 = Debug|Any CPU
		{E06D06B3-BD06-4D57-B3F7-F6D4AA9D6001}.Release|Any CPU.ActiveCfg = Release|Any CPU
		{E06D06B3-BD06-4D57-B3F7-F6D4AA9D6001}.Release|Any CPU.Build.0 = Release|Any CPU
		{A35B9349-C8B6-4B86-A061-AD4EBB22F0F0}.Debug|Any CPU.ActiveCfg = Debug|Any CPU
		{A35B9349-C8B6-4B86-A061-AD4EBB22F0F0}.Debug|Any CPU.Build.0 = Debug|Any CPU
		{A35B9349-C8B6-4B86-A061-AD4EBB22F0F0}.Release|Any CPU.ActiveCfg = Release|Any CPU
		{A35B9349-C8B6-4B86-A061-AD4EBB22F0F0}.Release|Any CPU.Build.0 = Release|Any CPU
		{C309672C-CFDE-4E81-8A4D-5E070F2643DD}.Debug|Any CPU.ActiveCfg = Debug|Any CPU
		{C309672C-CFDE-4E81-8A4D-5E070F2643DD}.Debug|Any CPU.Build.0 = Debug|Any CPU
		{C309672C-CFDE-4E81-8A4D-5E070F2643DD}.Release|Any CPU.ActiveCfg = Release|Any CPU
		{C309672C-CFDE-4E81-8A4D-5E070F2643DD}.Release|Any CPU.Build.0 = Release|Any CPU
		{1A7CB986-2C11-4F1D-92B4-9411713D4F8B}.Debug|Any CPU.ActiveCfg = Debug|Any CPU
		{1A7CB986-2C11-4F1D-92B4-9411713D4F8B}.Debug|Any CPU.Build.0 = Debug|Any CPU
		{1A7CB986-2C11-4F1D-92B4-9411713D4F8B}.Release|Any CPU.ActiveCfg = Release|Any CPU
		{1A7CB986-2C11-4F1D-92B4-9411713D4F8B}.Release|Any CPU.Build.0 = Release|Any CPU
		{B25F3CBA-E1D3-4F6C-B93F-A040294DA5F4}.Debug|Any CPU.ActiveCfg = Debug|Any CPU
		{B25F3CBA-E1D3-4F6C-B93F-A040294DA5F4}.Debug|Any CPU.Build.0 = Debug|Any CPU
		{B25F3CBA-E1D3-4F6C-B93F-A040294DA5F4}.Release|Any CPU.ActiveCfg = Release|Any CPU
		{B25F3CBA-E1D3-4F6C-B93F-A040294DA5F4}.Release|Any CPU.Build.0 = Release|Any CPU
		{39B08075-67ED-4F90-95DB-1B82CCF1673F}.Debug|Any CPU.ActiveCfg = Debug|Any CPU
		{39B08075-67ED-4F90-95DB-1B82CCF1673F}.Debug|Any CPU.Build.0 = Debug|Any CPU
		{39B08075-67ED-4F90-95DB-1B82CCF1673F}.Release|Any CPU.ActiveCfg = Release|Any CPU
		{39B08075-67ED-4F90-95DB-1B82CCF1673F}.Release|Any CPU.Build.0 = Release|Any CPU
		{3FA3F318-5F66-4B35-A11B-5872DD284A5F}.Debug|Any CPU.ActiveCfg = Debug|Any CPU
		{3FA3F318-5F66-4B35-A11B-5872DD284A5F}.Debug|Any CPU.Build.0 = Debug|Any CPU
		{3FA3F318-5F66-4B35-A11B-5872DD284A5F}.Release|Any CPU.ActiveCfg = Release|Any CPU
		{3FA3F318-5F66-4B35-A11B-5872DD284A5F}.Release|Any CPU.Build.0 = Release|Any CPU
		{C0FF80D4-DEFD-4433-A0C4-50A096F19F03}.Debug|Any CPU.ActiveCfg = Debug|Any CPU
		{C0FF80D4-DEFD-4433-A0C4-50A096F19F03}.Debug|Any CPU.Build.0 = Debug|Any CPU
		{C0FF80D4-DEFD-4433-A0C4-50A096F19F03}.Release|Any CPU.ActiveCfg = Release|Any CPU
		{C0FF80D4-DEFD-4433-A0C4-50A096F19F03}.Release|Any CPU.Build.0 = Release|Any CPU
		{ADFB97CB-933B-43CC-B6BF-C6D3990D6989}.Debug|Any CPU.ActiveCfg = Debug|Any CPU
		{ADFB97CB-933B-43CC-B6BF-C6D3990D6989}.Debug|Any CPU.Build.0 = Debug|Any CPU
		{ADFB97CB-933B-43CC-B6BF-C6D3990D6989}.Release|Any CPU.ActiveCfg = Release|Any CPU
		{ADFB97CB-933B-43CC-B6BF-C6D3990D6989}.Release|Any CPU.Build.0 = Release|Any CPU
		{33991E3E-E9F8-4F88-BC59-7C6D9781CD16}.Debug|Any CPU.ActiveCfg = Debug|Any CPU
		{33991E3E-E9F8-4F88-BC59-7C6D9781CD16}.Debug|Any CPU.Build.0 = Debug|Any CPU
		{33991E3E-E9F8-4F88-BC59-7C6D9781CD16}.Release|Any CPU.ActiveCfg = Release|Any CPU
		{33991E3E-E9F8-4F88-BC59-7C6D9781CD16}.Release|Any CPU.Build.0 = Release|Any CPU
	EndGlobalSection
	GlobalSection(SolutionProperties) = preSolution
		HideSolutionNode = FALSE
	EndGlobalSection
	GlobalSection(NestedProjects) = preSolution
		{E06D06B3-BD06-4D57-B3F7-F6D4AA9D6001} = {B638988D-F36E-4283-B96B-50BBB39888EA}
		{6E2082BE-586B-4EC8-8776-B5F35189C6C4} = {503E99FF-51EB-4A2E-A8D5-4B70CDC90FD4}
		{A35B9349-C8B6-4B86-A061-AD4EBB22F0F0} = {6E2082BE-586B-4EC8-8776-B5F35189C6C4}
		{C309672C-CFDE-4E81-8A4D-5E070F2643DD} = {6E2082BE-586B-4EC8-8776-B5F35189C6C4}
		{1A7CB986-2C11-4F1D-92B4-9411713D4F8B} = {6E2082BE-586B-4EC8-8776-B5F35189C6C4}
		{B25F3CBA-E1D3-4F6C-B93F-A040294DA5F4} = {6E2082BE-586B-4EC8-8776-B5F35189C6C4}
		{39B08075-67ED-4F90-95DB-1B82CCF1673F} = {6E2082BE-586B-4EC8-8776-B5F35189C6C4}
		{3FA3F318-5F66-4B35-A11B-5872DD284A5F} = {7794CE55-3530-45C4-A6AF-3250D8CBAF25}
		{867025CB-77AA-44CA-BA81-5EF58A856693} = {503E99FF-51EB-4A2E-A8D5-4B70CDC90FD4}
		{C0FF80D4-DEFD-4433-A0C4-50A096F19F03} = {867025CB-77AA-44CA-BA81-5EF58A856693}
		{ADFB97CB-933B-43CC-B6BF-C6D3990D6989} = {867025CB-77AA-44CA-BA81-5EF58A856693}
		{33991E3E-E9F8-4F88-BC59-7C6D9781CD16} = {867025CB-77AA-44CA-BA81-5EF58A856693}
	EndGlobalSection
	GlobalSection(ExtensibilityGlobals) = postSolution
		SolutionGuid = {387B6C33-BB2C-4E78-BB0B-F3E4C81B98DE}
	EndGlobalSection
EndGlobal
